
Microsoft Visual Studio Solution File, Format Version 12.00
# Visual Studio Version 16
VisualStudioVersion = 16.0.32106.194
MinimumVisualStudioVersion = 10.0.40219.1
Project("{FAE04EC0-301F-11D3-BF4B-00C04F79EFBC}") = "GoogleChartsData", "GoogleChartsData\GoogleChartsData.csproj", "{6F1533AF-88CF-47DE-BA8F-33AB13533A3D}"
EndProject
Global
	GlobalSection(SolutionConfigurationPlatforms) = preSolution
		Debug|Any CPU = Debug|Any CPU
		Release|Any CPU = Release|Any CPU
	EndGlobalSection
	GlobalSection(ProjectConfigurationPlatforms) = postSolution
		{6F1533AF-88CF-47DE-BA8F-33AB13533A3D}.Debug|Any CPU.ActiveCfg = Debug|Any CPU
		{6F1533AF-88CF-47DE-BA8F-33AB13533A3D}.Debug|Any CPU.Build.0 = Debug|Any CPU
		{6F1533AF-88CF-47DE-BA8F-33AB13533A3D}.Release|Any CPU.ActiveCfg = Release|Any CPU
		{6F1533AF-88CF-47DE-BA8F-33AB13533A3D}.Release|Any CPU.Build.0 = Release|Any CPU
	EndGlobalSection
	GlobalSection(SolutionProperties) = preSolution
		HideSolutionNode = FALSE
	EndGlobalSection
	GlobalSection(ExtensibilityGlobals) = postSolution
		SolutionGuid = {2B7E7110-DBA8-4C34-8684-9326A7933893}
	EndGlobalSection
EndGlobal
